{
  "name": "packageList",
  "version": "1.0.0",
  "lockfileVersion": 2,
  "requires": true,
  "packages": {
    "": {
      "name": "packageList",
      "version": "1.0.0",
      "dependencies": {
        "@phonophant/rfid-tigger": "1.0.0",
        "packageList": "file:"
      }
    },
    "../../../../../plugins/rfid-tigger": {
      "name": "@phonophant/rfid-tigger",
      "version": "1.0.0",
      "license": "MIT",
      "devDependencies": {
        "@phonophant/shared-models": "1.0.0",
        "@types/node": "^18.11.9",
        "rimraf": "^3.0.2",
        "typescript": "^4.9.3"
      }
    },
    "../../../../../plugins/rfid-tigger/node_modules/@phonophant/shared-models": {
      "resolved": "../../../../../shared/models",
      "link": true
    },
    "../../../../../plugins/rfid-tigger/node_modules/@types/node": {
      "version": "18.11.9",
      "dev": true,
      "license": "MIT"
    },
    "../../../../../plugins/rfid-tigger/node_modules/balanced-match": {
      "version": "1.0.2",
      "dev": true,
      "license": "MIT"
    },
    "../../../../../plugins/rfid-tigger/node_modules/brace-expansion": {
      "version": "1.1.11",
      "dev": true,
      "license": "MIT",
      "dependencies": {
        "balanced-match": "^1.0.0",
        "concat-map": "0.0.1"
      }
    },
    "../../../../../plugins/rfid-tigger/node_modules/concat-map": {
      "version": "0.0.1",
      "dev": true,
      "license": "MIT"
    },
    "../../../../../plugins/rfid-tigger/node_modules/fs.realpath": {
      "version": "1.0.0",
      "dev": true,
      "license": "ISC"
    },
    "../../../../../plugins/rfid-tigger/node_modules/glob": {
      "version": "7.2.3",
      "dev": true,
      "license": "ISC",
      "dependencies": {
        "fs.realpath": "^1.0.0",
        "inflight": "^1.0.4",
        "inherits": "2",
        "minimatch": "^3.1.1",
        "once": "^1.3.0",
        "path-is-absolute": "^1.0.0"
      },
      "engines": {
        "node": "*"
      },
      "funding": {
        "url": "https://github.com/sponsors/isaacs"
      }
    },
    "../../../../../plugins/rfid-tigger/node_modules/inflight": {
      "version": "1.0.6",
      "dev": true,
      "license": "ISC",
      "dependencies": {
        "once": "^1.3.0",
        "wrappy": "1"
      }
    },
    "../../../../../plugins/rfid-tigger/node_modules/inherits": {
      "version": "2.0.4",
      "dev": true,
      "license": "ISC"
    },
    "../../../../../plugins/rfid-tigger/node_modules/minimatch": {
      "version": "3.1.2",
      "dev": true,
      "license": "ISC",
      "dependencies": {
        "brace-expansion": "^1.1.7"
      },
      "engines": {
        "node": "*"
      }
    },
    "../../../../../plugins/rfid-tigger/node_modules/once": {
      "version": "1.4.0",
      "dev": true,
      "license": "ISC",
      "dependencies": {
        "wrappy": "1"
      }
    },
    "../../../../../plugins/rfid-tigger/node_modules/path-is-absolute": {
      "version": "1.0.1",
      "dev": true,
      "license": "MIT",
      "engines": {
        "node": ">=0.10.0"
      }
    },
    "../../../../../plugins/rfid-tigger/node_modules/rimraf": {
      "version": "3.0.2",
      "dev": true,
      "license": "ISC",
      "dependencies": {
        "glob": "^7.1.3"
      },
      "bin": {
        "rimraf": "bin.js"
      },
      "funding": {
        "url": "https://github.com/sponsors/isaacs"
      }
    },
    "../../../../../plugins/rfid-tigger/node_modules/typescript": {
      "version": "4.9.3",
      "dev": true,
      "license": "Apache-2.0",
      "bin": {
        "tsc": "bin/tsc",
        "tsserver": "bin/tsserver"
      },
      "engines": {
        "node": ">=4.2.0"
      }
    },
    "../../../../../plugins/rfid-tigger/node_modules/wrappy": {
      "version": "1.0.2",
      "dev": true,
      "license": "ISC"
    },
    "../../../../../shared/models": {
      "name": "@phonophant/shared-models",
      "version": "1.0.0",
      "dev": true,
      "license": "MIT",
      "devDependencies": {
        "@types/node": "^18.11.9",
        "rimraf": "^3.0.2",
        "typescript": "^4.9.3"
      }
    },
    "../../../../../shared/models/node_modules/@types/node": {
      "version": "18.11.9",
      "dev": true,
      "license": "MIT"
    },
    "../../../../../shared/models/node_modules/balanced-match": {
      "version": "1.0.2",
      "dev": true,
      "license": "MIT"
    },
    "../../../../../shared/models/node_modules/brace-expansion": {
      "version": "1.1.11",
      "dev": true,
      "license": "MIT",
      "dependencies": {
        "balanced-match": "^1.0.0",
        "concat-map": "0.0.1"
      }
    },
    "../../../../../shared/models/node_modules/concat-map": {
      "version": "0.0.1",
      "dev": true,
      "license": "MIT"
    },
    "../../../../../shared/models/node_modules/fs.realpath": {
      "version": "1.0.0",
      "dev": true,
      "license": "ISC"
    },
    "../../../../../shared/models/node_modules/glob": {
      "version": "7.2.3",
      "dev": true,
      "license": "ISC",
      "dependencies": {
        "fs.realpath": "^1.0.0",
        "inflight": "^1.0.4",
        "inherits": "2",
        "minimatch": "^3.1.1",
        "once": "^1.3.0",
        "path-is-absolute": "^1.0.0"
      },
      "engines": {
        "node": "*"
      },
      "funding": {
        "url": "https://github.com/sponsors/isaacs"
      }
    },
    "../../../../../shared/models/node_modules/inflight": {
      "version": "1.0.6",
      "dev": true,
      "license": "ISC",
      "dependencies": {
        "once": "^1.3.0",
        "wrappy": "1"
      }
    },
    "../../../../../shared/models/node_modules/inherits": {
      "version": "2.0.4",
      "dev": true,
      "license": "ISC"
    },
    "../../../../../shared/models/node_modules/minimatch": {
      "version": "3.1.2",
      "dev": true,
      "license": "ISC",
      "dependencies": {
        "brace-expansion": "^1.1.7"
      },
      "engines": {
        "node": "*"
      }
    },
    "../../../../../shared/models/node_modules/once": {
      "version": "1.4.0",
      "dev": true,
      "license": "ISC",
      "dependencies": {
        "wrappy": "1"
      }
    },
    "../../../../../shared/models/node_modules/path-is-absolute": {
      "version": "1.0.1",
      "dev": true,
      "license": "MIT",
      "engines": {
        "node": ">=0.10.0"
      }
    },
    "../../../../../shared/models/node_modules/rimraf": {
      "version": "3.0.2",
      "dev": true,
      "license": "ISC",
      "dependencies": {
        "glob": "^7.1.3"
      },
      "bin": {
        "rimraf": "bin.js"
      },
      "funding": {
        "url": "https://github.com/sponsors/isaacs"
      }
    },
    "../../../../../shared/models/node_modules/typescript": {
      "version": "4.9.3",
      "dev": true,
      "license": "Apache-2.0",
      "bin": {
        "tsc": "bin/tsc",
        "tsserver": "bin/tsserver"
      },
      "engines": {
        "node": ">=4.2.0"
      }
    },
    "../../../../../shared/models/node_modules/wrappy": {
      "version": "1.0.2",
      "dev": true,
      "license": "ISC"
    },
    "node_modules/@phonophant/rfid-tigger": {
      "resolved": "../../../../../plugins/rfid-tigger",
      "link": true
    },
    "node_modules/packageList": {
      "resolved": "",
      "link": true
    }
  },
  "dependencies": {
    "@phonophant/rfid-tigger": {
      "version": "file:../../../../../plugins/rfid-tigger",
      "requires": {
        "@phonophant/shared-models": "1.0.0",
        "@types/node": "^18.11.9",
        "rimraf": "^3.0.2",
        "typescript": "^4.9.3"
      },
      "dependencies": {
        "@phonophant/shared-models": {
          "version": "file:../../../../../shared/models",
          "requires": {
            "@types/node": "^18.11.9",
            "rimraf": "^3.0.2",
            "typescript": "^4.9.3"
          },
          "dependencies": {
            "@types/node": {
              "version": "18.11.9",
              "dev": true
            },
            "balanced-match": {
              "version": "1.0.2",
              "dev": true
            },
            "brace-expansion": {
              "version": "1.1.11",
              "dev": true,
              "requires": {
                "balanced-match": "^1.0.0",
                "concat-map": "0.0.1"
              }
            },
            "concat-map": {
              "version": "0.0.1",
              "dev": true
            },
            "fs.realpath": {
              "version": "1.0.0",
              "dev": true
            },
            "glob": {
              "version": "7.2.3",
              "dev": true,
              "requires": {
                "fs.realpath": "^1.0.0",
                "inflight": "^1.0.4",
                "inherits": "2",
                "minimatch": "^3.1.1",
                "once": "^1.3.0",
                "path-is-absolute": "^1.0.0"
              }
            },
            "inflight": {
              "version": "1.0.6",
              "dev": true,
              "requires": {
                "once": "^1.3.0",
                "wrappy": "1"
              }
            },
            "inherits": {
              "version": "2.0.4",
              "dev": true
            },
            "minimatch": {
              "version": "3.1.2",
              "dev": true,
              "requires": {
                "brace-expansion": "^1.1.7"
              }
            },
            "once": {
              "version": "1.4.0",
              "dev": true,
              "requires": {
                "wrappy": "1"
              }
            },
            "path-is-absolute": {
              "version": "1.0.1",
              "dev": true
            },
            "rimraf": {
              "version": "3.0.2",
              "dev": true,
              "requires": {
                "glob": "^7.1.3"
              }
            },
            "typescript": {
              "version": "4.9.3",
              "dev": true
            },
            "wrappy": {
              "version": "1.0.2",
              "dev": true
            }
          }
        },
        "@types/node": {
          "version": "18.11.9",
          "dev": true
        },
        "balanced-match": {
          "version": "1.0.2",
          "dev": true
        },
        "brace-expansion": {
          "version": "1.1.11",
          "dev": true,
          "requires": {
            "balanced-match": "^1.0.0",
            "concat-map": "0.0.1"
          }
        },
        "concat-map": {
          "version": "0.0.1",
          "dev": true
        },
        "fs.realpath": {
          "version": "1.0.0",
          "dev": true
        },
        "glob": {
          "version": "7.2.3",
          "dev": true,
          "requires": {
            "fs.realpath": "^1.0.0",
            "inflight": "^1.0.4",
            "inherits": "2",
            "minimatch": "^3.1.1",
            "once": "^1.3.0",
            "path-is-absolute": "^1.0.0"
          }
        },
        "inflight": {
          "version": "1.0.6",
          "dev": true,
          "requires": {
            "once": "^1.3.0",
            "wrappy": "1"
          }
        },
        "inherits": {
          "version": "2.0.4",
          "dev": true
        },
        "minimatch": {
          "version": "3.1.2",
          "dev": true,
          "requires": {
            "brace-expansion": "^1.1.7"
          }
        },
        "once": {
          "version": "1.4.0",
          "dev": true,
          "requires": {
            "wrappy": "1"
          }
        },
        "path-is-absolute": {
          "version": "1.0.1",
          "dev": true
        },
        "rimraf": {
          "version": "3.0.2",
          "dev": true,
          "requires": {
            "glob": "^7.1.3"
          }
        },
        "typescript": {
          "version": "4.9.3",
          "dev": true
        },
        "wrappy": {
          "version": "1.0.2",
          "dev": true
        }
      }
    },
    "packageList": {
      "version": "file:",
      "requires": {
        "@phonophant/rfid-tigger": "1.0.0",
        "packageList": "file:"
      },
      "dependencies": {
        "@phonophant/rfid-tigger": {
          "version": "file:../../../../../plugins/rfid-tigger",
          "requires": {
            "@phonophant/shared-models": "1.0.0",
            "@types/node": "^18.11.9",
            "rimraf": "^3.0.2",
            "typescript": "^4.9.3"
          },
          "dependencies": {
            "@phonophant/shared-models": {
              "version": "file:../../../../../shared/models",
              "requires": {
                "@types/node": "^18.11.9",
                "rimraf": "^3.0.2",
                "typescript": "^4.9.3"
              },
              "dependencies": {
                "@types/node": {
                  "version": "18.11.9",
                  "dev": true
                },
                "balanced-match": {
                  "version": "1.0.2",
                  "dev": true
                },
                "brace-expansion": {
                  "version": "1.1.11",
                  "dev": true,
                  "requires": {
                    "balanced-match": "^1.0.0",
                    "concat-map": "0.0.1"
                  }
                },
                "concat-map": {
                  "version": "0.0.1",
                  "dev": true
                },
                "fs.realpath": {
                  "version": "1.0.0",
                  "dev": true
                },
                "glob": {
                  "version": "7.2.3",
                  "dev": true,
                  "requires": {
                    "fs.realpath": "^1.0.0",
                    "inflight": "^1.0.4",
                    "inherits": "2",
                    "minimatch": "^3.1.1",
                    "once": "^1.3.0",
                    "path-is-absolute": "^1.0.0"
                  }
                },
                "inflight": {
                  "version": "1.0.6",
                  "dev": true,
                  "requires": {
                    "once": "^1.3.0",
                    "wrappy": "1"
                  }
                },
                "inherits": {
                  "version": "2.0.4",
                  "dev": true
                },
                "minimatch": {
                  "version": "3.1.2",
                  "dev": true,
                  "requires": {
                    "brace-expansion": "^1.1.7"
                  }
                },
                "once": {
                  "version": "1.4.0",
                  "dev": true,
                  "requires": {
                    "wrappy": "1"
                  }
                },
                "path-is-absolute": {
                  "version": "1.0.1",
                  "dev": true
                },
                "rimraf": {
                  "version": "3.0.2",
                  "dev": true,
                  "requires": {
                    "glob": "^7.1.3"
                  }
                },
                "typescript": {
                  "version": "4.9.3",
                  "dev": true
                },
                "wrappy": {
                  "version": "1.0.2",
                  "dev": true
                }
              }
            },
            "@types/node": {
              "version": "18.11.9",
              "dev": true
            },
            "balanced-match": {
              "version": "1.0.2",
              "dev": true
            },
            "brace-expansion": {
              "version": "1.1.11",
              "dev": true,
              "requires": {
                "balanced-match": "^1.0.0",
                "concat-map": "0.0.1"
              }
            },
            "concat-map": {
              "version": "0.0.1",
              "dev": true
            },
            "fs.realpath": {
              "version": "1.0.0",
              "dev": true
            },
            "glob": {
              "version": "7.2.3",
              "dev": true,
              "requires": {
                "fs.realpath": "^1.0.0",
                "inflight": "^1.0.4",
                "inherits": "2",
                "minimatch": "^3.1.1",
                "once": "^1.3.0",
                "path-is-absolute": "^1.0.0"
              }
            },
            "inflight": {
              "version": "1.0.6",
              "dev": true,
              "requires": {
                "once": "^1.3.0",
                "wrappy": "1"
              }
            },
            "inherits": {
              "version": "2.0.4",
              "dev": true
            },
            "minimatch": {
              "version": "3.1.2",
              "dev": true,
              "requires": {
                "brace-expansion": "^1.1.7"
              }
            },
            "once": {
              "version": "1.4.0",
              "dev": true,
              "requires": {
                "wrappy": "1"
              }
            },
            "path-is-absolute": {
              "version": "1.0.1",
              "dev": true
            },
            "rimraf": {
              "version": "3.0.2",
              "dev": true,
              "requires": {
                "glob": "^7.1.3"
              }
            },
            "typescript": {
              "version": "4.9.3",
              "dev": true
            },
            "wrappy": {
              "version": "1.0.2",
              "dev": true
            }
          }
        }
      }
    }
  }
}
